
Microsoft Visual Studio Solution File, Format Version 12.00
# Visual Studio Version 17
VisualStudioVersion = 17.3.32825.248
MinimumVisualStudioVersion = 10.0.40219.1
Project("{FAE04EC0-301F-11D3-BF4B-00C04F79EFBC}") = "LinQD3", "LinQD3.csproj", "{A270C965-0E68-49BD-866C-EF857F095468}"
EndProject
Global
	GlobalSection(SolutionConfigurationPlatforms) = preSolution
		Debug|Any CPU = Debug|Any CPU
		Release|Any CPU = Release|Any CPU
	EndGlobalSection
	GlobalSection(ProjectConfigurationPlatforms) = postSolution
		{A270C965-0E68-49BD-866C-EF857F095468}.Debug|Any CPU.ActiveCfg = Debug|Any CPU
		{A270C965-0E68-49BD-866C-EF857F095468}.Debug|Any CPU.Build.0 = Debug|Any CPU
		{A270C965-0E68-49BD-866C-EF857F095468}.Release|Any CPU.ActiveCfg = Release|Any CPU
		{A270C965-0E68-49BD-866C-EF857F095468}.Release|Any CPU.Build.0 = Release|Any CPU
	EndGlobalSection
	GlobalSection(SolutionProperties) = preSolution
		HideSolutionNode = FALSE
	EndGlobalSection
	GlobalSection(ExtensibilityGlobals) = postSolution
		SolutionGuid = {317EE561-B455-4B28-8867-0384D4873AAC}
	EndGlobalSection
EndGlobal
